{
  "version": 1,
  "dependencies": {
    ".NETnanoFramework,Version=v1.0": {
      "nanoFramework.TestFramework": {
        "type": "Direct",
        "requested": "[2.1.94, 2.1.94]",
        "resolved": "2.1.94",
        "contentHash": "jBbtJ7/7UUiqUbZ2ZshzHEarKZEHSGfnqli5QCMafRW9YxdsI5XYqTjRDgW3kyX2EX6zWk+cIgeLIPJiAzoWRA=="
      }
    }
  }
}